// !$*UTF8*$!
{
	archiveVersion = 1;
	classes = {
	};
	objectVersion = 46;
	objects = {

/* Begin PBXBuildFile section */
		250F9FD91E656DE100763EEF /* AppDelegate.swift in Sources */ = {isa = PBXBuildFile; fileRef = 250F9FD81E656DE100763EEF /* AppDelegate.swift */; };
		250F9FDB1E656DE100763EEF /* ViewController.swift in Sources */ = {isa = PBXBuildFile; fileRef = 250F9FDA1E656DE100763EEF /* ViewController.swift */; };
		250F9FDE1E656DE100763EEF /* Main.storyboard in Resources */ = {isa = PBXBuildFile; fileRef = 250F9FDC1E656DE100763EEF /* Main.storyboard */; };
		250F9FE01E656DE100763EEF /* Assets.xcassets in Resources */ = {isa = PBXBuildFile; fileRef = 250F9FDF1E656DE100763EEF /* Assets.xcassets */; };
		250F9FE31E656DE100763EEF /* LaunchScreen.storyboard in Resources */ = {isa = PBXBuildFile; fileRef = 250F9FE11E656DE100763EEF /* LaunchScreen.storyboard */; };
		250F9FEB1E656DF800763EEF /* Modal.storyboard in Resources */ = {isa = PBXBuildFile; fileRef = 250F9FEA1E656DF800763EEF /* Modal.storyboard */; };
		250F9FED1E656E0D00763EEF /* ModalViewController.swift in Sources */ = {isa = PBXBuildFile; fileRef = 250F9FEC1E656E0D00763EEF /* ModalViewController.swift */; };
/* End PBXBuildFile section */

/* Begin PBXFileReference section */
		250F9FD51E656DE100763EEF /* ModalView.app */ = {isa = PBXFileReference; explicitFileType = wrapper.application; includeInIndex = 0; path = ModalView.app; sourceTree = BUILT_PRODUCTS_DIR; };
		250F9FD81E656DE100763EEF /* AppDelegate.swift */ = {isa = PBXFileReference; lastKnownFileType = sourcecode.swift; path = AppDelegate.swift; sourceTree = "<group>"; };
		250F9FDA1E656DE100763EEF /* ViewController.swift */ = {isa = PBXFileReference; lastKnownFileType = sourcecode.swift; path = ViewController.swift; sourceTree = "<group>"; };
		250F9FDD1E656DE100763EEF /* Base */ = {isa = PBXFileReference; lastKnownFileType = file.storyboard; name = Base; path = Base.lproj/Main.storyboard; sourceTree = "<group>"; };
		250F9FDF1E656DE100763EEF /* Assets.xcassets */ = {isa = PBXFileReference; lastKnownFileType = folder.assetcatalog; path = Assets.xcassets; sourceTree = "<group>"; };
		250F9FE21E656DE100763EEF /* Base */ = {isa = PBXFileReference; lastKnownFileType = file.storyboard; name = Base; path = Base.lproj/LaunchScreen.storyboard; sourceTree = "<group>"; };
		250F9FE41E656DE100763EEF /* Info.plist */ = {isa = PBXFileReference; lastKnownFileType = text.plist.xml; path = Info.plist; sourceTree = "<group>"; };
		250F9FEA1E656DF800763EEF /* Modal.storyboard */ = {isa = PBXFileReference; fileEncoding = 4; lastKnownFileType = file.storyboard; path = Modal.storyboard; sourceTree = "<group>"; };
		250F9FEC1E656E0D00763EEF /* ModalViewController.swift */ = {isa = PBXFileReference; fileEncoding = 4; lastKnownFileType = sourcecode.swift; path = ModalViewController.swift; sourceTree = "<group>"; };
/* End PBXFileReference section */

/* Begin PBXFrameworksBuildPhase section */
		250F9FD21E656DE100763EEF /* Frameworks */ = {
			isa = PBXFrameworksBuildPhase;
			buildActionMask = 2147483647;
			files = (
			);
			runOnlyForDeploymentPostprocessing = 0;
		};
/* End PBXFrameworksBuildPhase section */

/* Begin PBXGroup section */
		250F9FCC1E656DE100763EEF = {
			isa = PBXGroup;
			children = (
				250F9FD71E656DE100763EEF /* ModalView */,
				250F9FD61E656DE100763EEF /* Products */,
			);
			sourceTree = "<group>";
		};
		250F9FD61E656DE100763EEF /* Products */ = {
			isa = PBXGroup;
			children = (
				250F9FD51E656DE100763EEF /* ModalView.app */,
			);
			name = Products;
			sourceTree = "<group>";
		};
		250F9FD71E656DE100763EEF /* ModalView */ = {
			isa = PBXGroup;
			children = (
				250F9FD81E656DE100763EEF /* AppDelegate.swift */,
				250F9FDA1E656DE100763EEF /* ViewController.swift */,
				250F9FDC1E656DE100763EEF /* Main.storyboard */,
				250F9FDF1E656DE100763EEF /* Assets.xcassets */,
				250F9FE11E656DE100763EEF /* LaunchScreen.storyboard */,
				250F9FE41E656DE100763EEF /* Info.plist */,
				250F9FEA1E656DF800763EEF /* Modal.storyboard */,
				250F9FEC1E656E0D00763EEF /* ModalViewController.swift */,
			);
			path = ModalView;
			sourceTree = "<group>";
		};
/* End PBXGroup section */

/* Begin PBXNativeTarget section */
		250F9FD41E656DE100763EEF /* ModalView */ = {
			isa = PBXNativeTarget;
			buildConfigurationList = 250F9FE71E656DE100763EEF /* Build configuration list for PBXNativeTarget "ModalView" */;
			buildPhases = (
				250F9FD11E656DE100763EEF /* Sources */,
				250F9FD21E656DE100763EEF /* Frameworks */,
				250F9FD31E656DE100763EEF /* Resources */,
			);
			buildRules = (
			);
			dependencies = (
			);
			name = ModalView;
			productName = ModalView;
			productReference = 250F9FD51E656DE100763EEF /* ModalView.app */;
			productType = "com.apple.product-type.application";
		};
/* End PBXNativeTarget section */

/* Begin PBXProject section */
		250F9FCD1E656DE100763EEF /* Project object */ = {
			isa = PBXProject;
			attributes = {
				LastSwiftUpdateCheck = 0820;
				LastUpgradeCheck = 0820;
				ORGANIZATIONNAME = ShuichiNagao;
				TargetAttributes = {
					250F9FD41E656DE100763EEF = {
						CreatedOnToolsVersion = 8.2.1;
						DevelopmentTeam = NAJPYUJBUB;
						ProvisioningStyle = Automatic;
					};
				};
			};
			buildConfigurationList = 250F9FD01E656DE100763EEF /* Build configuration list for PBXProject "ModalView" */;
			compatibilityVersion = "Xcode 3.2";
			developmentRegion = English;
			hasScannedForEncodings = 0;
			knownRegions = (
				en,
				Base,
			);
			mainGroup = 250F9FCC1E656DE100763EEF;
			productRefGroup = 250F9FD61E656DE100763EEF /* Products */;
			projectDirPath = "";
			projectRoot = "";
			targets = (
				250F9FD41E656DE100763EEF /* ModalView */,
			);
		};
/* End PBXProject section */

/* Begin PBXResourcesBuildPhase section */
		250F9FD31E656DE100763EEF /* Resources */ = {
			isa = PBXResourcesBuildPhase;
			buildActionMask = 2147483647;
			files = (
				250F9FEB1E656DF800763EEF /* Modal.storyboard in Resources */,
				250F9FE31E656DE100763EEF /* LaunchScreen.storyboard in Resources */,
				250F9FE01E656DE100763EEF /* Assets.xcassets in Resources */,
				250F9FDE1E656DE100763EEF /* Main.storyboard in Resources */,
			);
			runOnlyForDeploymentPostprocessing = 0;
		};
/* End PBXResourcesBuildPhase section */

/* Begin PBXSourcesBuildPhase section */
		250F9FD11E656DE100763EEF /* Sources */ = {
			isa = PBXSourcesBuildPhase;
			buildActionMask = 2147483647;
			files = (
				250F9FDB1E656DE100763EEF /* ViewController.swift in Sources */,
				250F9FED1E656E0D00763EEF /* ModalViewController.swift in Sources */,
				250F9FD91E656DE100763EEF /* AppDelegate.swift in Sources */,
			);
			runOnlyForDeploymentPostprocessing = 0;
		};
/* End PBXSourcesBuildPhase section */

/* Begin PBXVariantGroup section */
		250F9FDC1E656DE100763EEF /* Main.storyboard */ = {
			isa = PBXVariantGroup;
			children = (
				250F9FDD1E656DE100763EEF /* Base */,
			);
			name = Main.storyboard;
			sourceTree = "<group>";
		};
		250F9FE11E656DE100763EEF /* LaunchScreen.storyboard */ = {
			isa = PBXVariantGroup;
			children = (
				250F9FE21E656DE100763EEF /* Base */,
			);
			name = LaunchScreen.storyboard;
			sourceTree = "<group>";
		};
/* End PBXVariantGroup section */

/* Begin XCBuildConfiguration section */
		250F9FE51E656DE100763EEF /* Debug */ = {
			isa = XCBuildConfiguration;
			buildSettings = {
				ALWAYS_SEARCH_USER_PATHS = NO;
				CLANG_ANALYZER_NONNULL = YES;
				CLANG_CXX_LANGUAGE_STANDARD = "gnu++0x";
				CLANG_CXX_LIBRARY = "libc++";
				CLANG_ENABLE_MODULES = YES;
				CLANG_ENABLE_OBJC_ARC = YES;
				CLANG_WARN_BOOL_CONVERSION = YES;
				CLANG_WARN_CONSTANT_CONVERSION = YES;
				CLANG_WARN_DIRECT_OBJC_ISA_USAGE = YES_ERROR;
				CLANG_WARN_DOCUMENTATION_COMMENTS = YES;
				CLANG_WARN_EMPTY_BODY = YES;
				CLANG_WARN_ENUM_CONVERSION = YES;
				CLANG_WARN_INFINITE_RECURSION = YES;
				CLANG_WARN_INT_CONVERSION = YES;
				CLANG_WARN_OBJC_ROOT_CLASS = YES_ERROR;
				CLANG_WARN_SUSPICIOUS_MOVE = YES;
				CLANG_WARN_UNREACHABLE_CODE = YES;
				CLANG_WARN__DUPLICATE_METHOD_MATCH = YES;
				"CODE_SIGN_IDENTITY[sdk=iphoneos*]" = "iPhone Developer";
				COPY_PHASE_STRIP = NO;
				DEBUG_INFORMATION_FORMAT = dwarf;
				ENABLE_STRICT_OBJC_MSGSEND = YES;
				ENABLE_TESTABILITY = YES;
				GCC_C_LANGUAGE_STANDARD = gnu99;
				GCC_DYNAMIC_NO_PIC = NO;
				GCC_NO_COMMON_BLOCKS = YES;
				GCC_OPTIMIZATION_LEVEL = 0;
				GCC_PREPROCESSOR_DEFINITIONS = (
					"DEBUG=1",
					"$(inherited)",
				);
				GCC_WARN_64_TO_32_BIT_CONVERSION = YES;
				GCC_WARN_ABOUT_RETURN_TYPE = YES_ERROR;
				GCC_WARN_UNDECLARED_SELECTOR = YES;
				GCC_WARN_UNINITIALIZED_AUTOS = YES_AGGRESSIVE;
				GCC_WARN_UNUSED_FUNCTION = YES;
				GCC_WARN_UNUSED_VARIABLE = YES;
				IPHONEOS_DEPLOYMENT_TARGET = 10.2;
				MTL_ENABLE_DEBUG_INFO = YES;
				ONLY_ACTIVE_ARCH = YES;
				SDKROOT = iphoneos;
				SWIFT_ACTIVE_COMPILATION_CONDITIONS = DEBUG;
				SWIFT_OPTIMIZATION_LEVEL = "-Onone";
			};
			name = Debug;
		};
		250F9FE61E656DE100763EEF /* Release */ = {
			isa = XCBuildConfiguration;
			buildSettings = {
				ALWAYS_SEARCH_USER_PATHS = NO;
				CLANG_ANALYZER_NONNULL = YES;
				CLANG_CXX_LANGUAGE_STANDARD = "gnu++0x";
				CLANG_CXX_LIBRARY = "libc++";
				CLANG_ENABLE_MODULES = YES;
				CLANG_ENABLE_OBJC_ARC = YES;
				CLANG_WARN_BOOL_CONVERSION = YES;
				CLANG_WARN_CONSTANT_CONVERSION = YES;
				CLANG_WARN_DIRECT_OBJC_ISA_USAGE = YES_ERROR;
				CLANG_WARN_DOCUMENTATION_COMMENTS = YES;
				CLANG_WARN_EMPTY_BODY = YES;
				CLANG_WARN_ENUM_CONVERSION = YES;
				CLANG_WARN_INFINITE_RECURSION = YES;
				CLANG_WARN_INT_CONVERSION = YES;
				CLANG_WARN_OBJC_ROOT_CLASS = YES_ERROR;
				CLANG_WARN_SUSPICIOUS_MOVE = YES;
				CLANG_WARN_UNREACHABLE_CODE = YES;
				CLANG_WARN__DUPLICATE_METHOD_MATCH = YES;
				"CODE_SIGN_IDENTITY[sdk=iphoneos*]" = "iPhone Developer";
				COPY_PHASE_STRIP = NO;
				DEBUG_INFORMATION_FORMAT = "dwarf-with-dsym";
				ENABLE_NS_ASSERTIONS = NO;
				ENABLE_STRICT_OBJC_MSGSEND = YES;
				GCC_C_LANGUAGE_STANDARD = gnu99;
				GCC_NO_COMMON_BLOCKS = YES;
				GCC_WARN_64_TO_32_BIT_CONVERSION = YES;
				GCC_WARN_ABOUT_RETURN_TYPE = YES_ERROR;
				GCC_WARN_UNDECLARED_SELECTOR = YES;
				GCC_WARN_UNINITIALIZED_AUTOS = YES_AGGRESSIVE;
				GCC_WARN_UNUSED_FUNCTION = YES;
				GCC_WARN_UNUSED_VARIABLE = YES;
				IPHONEOS_DEPLOYMENT_TARGET = 10.2;
				MTL_ENABLE_DEBUG_INFO = NO;
				SDKROOT = iphoneos;
				SWIFT_OPTIMIZATION_LEVEL = "-Owholemodule";
				VALIDATE_PRODUCT = YES;
			};
			name = Release;
		};
		250F9FE81E656DE100763EEF /* Debug */ = {
			isa = XCBuildConfiguration;
			buildSettings = {
				ASSETCATALOG_COMPILER_APPICON_NAME = AppIcon;
				DEVELOPMENT_TEAM = NAJPYUJBUB;
				INFOPLIST_FILE = ModalView/Info.plist;
				LD_RUNPATH_SEARCH_PATHS = "$(inherited) @executable_path/Frameworks";
				PRODUCT_BUNDLE_IDENTIFIER = tech.shuichi.ModalView;
				PRODUCT_NAME = "$(TARGET_NAME)";
				SWIFT_VERSION = 3.0;
			};
			name = Debug;
		};
		250F9FE91E656DE100763EEF /* Release */ = {
			isa = XCBuildConfiguration;
			buildSettings = {
				ASSETCATALOG_COMPILER_APPICON_NAME = AppIcon;
				DEVELOPMENT_TEAM = NAJPYUJBUB;
				INFOPLIST_FILE = ModalView/Info.plist;
				LD_RUNPATH_SEARCH_PATHS = "$(inherited) @executable_path/Frameworks";
				PRODUCT_BUNDLE_IDENTIFIER = tech.shuichi.ModalView;
				PRODUCT_NAME = "$(TARGET_NAME)";
				SWIFT_VERSION = 3.0;
			};
			name = Release;
		};
/* End XCBuildConfiguration section */

/* Begin XCConfigurationList section */
		250F9FD01E656DE100763EEF /* Build configuration list for PBXProject "ModalView" */ = {
			isa = XCConfigurationList;
			buildConfigurations = (
				250F9FE51E656DE100763EEF /* Debug */,
				250F9FE61E656DE100763EEF /* Release */,
			);
			defaultConfigurationIsVisible = 0;
			defaultConfigurationName = Release;
		};
		250F9FE71E656DE100763EEF /* Build configuration list for PBXNativeTarget "ModalView" */ = {
			isa = XCConfigurationList;
			buildConfigurations = (
				250F9FE81E656DE100763EEF /* Debug */,
				250F9FE91E656DE100763EEF /* Release */,
			);
			defaultConfigurationIsVisible = 0;
		};
/* End XCConfigurationList section */
	};
	rootObject = 250F9FCD1E656DE100763EEF /* Project object */;
}
